
Microsoft Visual Studio Solution File, Format Version 12.00
# Visual Studio Version 17
VisualStudioVersion = 17.2.32526.322
MinimumVisualStudioVersion = 10.0.40219.1
Project("{FAE04EC0-301F-11D3-BF4B-00C04F79EFBC}") = "BlazorControl", "\NAS36D451\user-domain$\stud\202010\Desktop\projects\BlazorControl\BlazorControl\BlazorControl.csproj", "{E0B9E4BB-157A-4048-88E6-0E770B6061A7}"
EndProject
Project("{FAE04EC0-301F-11D3-BF4B-00C04F79EFBC}") = "MongoDBLink", "\NAS36D451\user-domain$\stud\202010\Desktop\projects\BlazorControl\MongoDBLink\MongoDBLink.csproj", "{83FC67D7-09AD-4087-8AF2-A83046EC1E78}"
EndProject
Global
	GlobalSection(SolutionConfigurationPlatforms) = preSolution
		Debug|Any CPU = Debug|Any CPU
		Release|Any CPU = Release|Any CPU
	EndGlobalSection
	GlobalSection(ProjectConfigurationPlatforms) = postSolution
		{E0B9E4BB-157A-4048-88E6-0E770B6061A7}.Debug|Any CPU.ActiveCfg = Debug|Any CPU
		{E0B9E4BB-157A-4048-88E6-0E770B6061A7}.Debug|Any CPU.Build.0 = Debug|Any CPU
		{E0B9E4BB-157A-4048-88E6-0E770B6061A7}.Release|Any CPU.ActiveCfg = Release|Any CPU
		{E0B9E4BB-157A-4048-88E6-0E770B6061A7}.Release|Any CPU.Build.0 = Release|Any CPU
		{83FC67D7-09AD-4087-8AF2-A83046EC1E78}.Debug|Any CPU.ActiveCfg = Debug|Any CPU
		{83FC67D7-09AD-4087-8AF2-A83046EC1E78}.Debug|Any CPU.Build.0 = Debug|Any CPU
		{83FC67D7-09AD-4087-8AF2-A83046EC1E78}.Release|Any CPU.ActiveCfg = Release|Any CPU
		{83FC67D7-09AD-4087-8AF2-A83046EC1E78}.Release|Any CPU.Build.0 = Release|Any CPU
	EndGlobalSection
	GlobalSection(SolutionProperties) = preSolution
		HideSolutionNode = FALSE
	EndGlobalSection
	GlobalSection(ExtensibilityGlobals) = postSolution
		SolutionGuid = {5129F393-7313-450D-B1B7-A3EAAA668C5B}
	EndGlobalSection
EndGlobal
